
Microsoft Visual Studio Solution File, Format Version 12.00
Project("{FAE04EC0-301F-11D3-BF4B-00C04F79EFBC}") = "CRMCQRS.UI", "CRMCQRS.UI\CRMCQRS.UI.csproj", "{23522525-951E-4C0B-BCAB-DFC926863CCE}"
EndProject
Project("{FAE04EC0-301F-11D3-BF4B-00C04F79EFBC}") = "CRMCQRS.API", "CRMCQRS.API\CRMCQRS.API.csproj", "{22163EC1-1613-4911-95B8-6868F8C4776B}"
EndProject
Project("{FAE04EC0-301F-11D3-BF4B-00C04F79EFBC}") = "CRMCQRS.Domain", "CRMCQRS.Domain\CRMCQRS.Domain.csproj", "{192E7242-D922-45A6-A394-A034F5F220AA}"
EndProject
Project("{FAE04EC0-301F-11D3-BF4B-00C04F79EFBC}") = "CRMCQRS.Infrastructure", "CRMCQRS.Infrastructure\CRMCQRS.Infrastructure.csproj", "{A3E225F0-351C-4C68-B3D3-F611C6B763FE}"
EndProject
Project("{FAE04EC0-301F-11D3-BF4B-00C04F79EFBC}") = "CRMCQRS.Application", "CRMCQRS.Application\CRMCQRS.Application.csproj", "{C3BD7730-3270-4DE8-AD03-A9AC3D16BBA8}"
EndProject
Project("{FAE04EC0-301F-11D3-BF4B-00C04F79EFBC}") = "CRMCQRS.Identity", "CRMCQRS.Identity\CRMCQRS.Identity.csproj", "{47E58F40-BA02-4396-99AB-06FE0D916B50}"
EndProject
Global
	GlobalSection(SolutionConfigurationPlatforms) = preSolution
		Debug|Any CPU = Debug|Any CPU
		Release|Any CPU = Release|Any CPU
	EndGlobalSection
	GlobalSection(ProjectConfigurationPlatforms) = postSolution
		{23522525-951E-4C0B-BCAB-DFC926863CCE}.Debug|Any CPU.ActiveCfg = Debug|Any CPU
		{23522525-951E-4C0B-BCAB-DFC926863CCE}.Debug|Any CPU.Build.0 = Debug|Any CPU
		{23522525-951E-4C0B-BCAB-DFC926863CCE}.Release|Any CPU.ActiveCfg = Release|Any CPU
		{23522525-951E-4C0B-BCAB-DFC926863CCE}.Release|Any CPU.Build.0 = Release|Any CPU
		{22163EC1-1613-4911-95B8-6868F8C4776B}.Debug|Any CPU.ActiveCfg = Debug|Any CPU
		{22163EC1-1613-4911-95B8-6868F8C4776B}.Debug|Any CPU.Build.0 = Debug|Any CPU
		{22163EC1-1613-4911-95B8-6868F8C4776B}.Release|Any CPU.ActiveCfg = Release|Any CPU
		{22163EC1-1613-4911-95B8-6868F8C4776B}.Release|Any CPU.Build.0 = Release|Any CPU
		{192E7242-D922-45A6-A394-A034F5F220AA}.Debug|Any CPU.ActiveCfg = Debug|Any CPU
		{192E7242-D922-45A6-A394-A034F5F220AA}.Debug|Any CPU.Build.0 = Debug|Any CPU
		{192E7242-D922-45A6-A394-A034F5F220AA}.Release|Any CPU.ActiveCfg = Release|Any CPU
		{192E7242-D922-45A6-A394-A034F5F220AA}.Release|Any CPU.Build.0 = Release|Any CPU
		{A3E225F0-351C-4C68-B3D3-F611C6B763FE}.Debug|Any CPU.ActiveCfg = Debug|Any CPU
		{A3E225F0-351C-4C68-B3D3-F611C6B763FE}.Debug|Any CPU.Build.0 = Debug|Any CPU
		{A3E225F0-351C-4C68-B3D3-F611C6B763FE}.Release|Any CPU.ActiveCfg = Release|Any CPU
		{A3E225F0-351C-4C68-B3D3-F611C6B763FE}.Release|Any CPU.Build.0 = Release|Any CPU
		{C3BD7730-3270-4DE8-AD03-A9AC3D16BBA8}.Debug|Any CPU.ActiveCfg = Debug|Any CPU
		{C3BD7730-3270-4DE8-AD03-A9AC3D16BBA8}.Debug|Any CPU.Build.0 = Debug|Any CPU
		{C3BD7730-3270-4DE8-AD03-A9AC3D16BBA8}.Release|Any CPU.ActiveCfg = Release|Any CPU
		{C3BD7730-3270-4DE8-AD03-A9AC3D16BBA8}.Release|Any CPU.Build.0 = Release|Any CPU
		{47E58F40-BA02-4396-99AB-06FE0D916B50}.Debug|Any CPU.ActiveCfg = Debug|Any CPU
		{47E58F40-BA02-4396-99AB-06FE0D916B50}.Debug|Any CPU.Build.0 = Debug|Any CPU
		{47E58F40-BA02-4396-99AB-06FE0D916B50}.Release|Any CPU.ActiveCfg = Release|Any CPU
		{47E58F40-BA02-4396-99AB-06FE0D916B50}.Release|Any CPU.Build.0 = Release|Any CPU
	EndGlobalSection
EndGlobal
