
Microsoft Visual Studio Solution File, Format Version 12.00
Project("{FAE04EC0-301F-11D3-BF4B-00C04F79EFBC}") = "CRMCQRS.UI", "CRMCQRS.UI\CRMCQRS.UI.csproj", "{23522525-951E-4C0B-BCAB-DFC926863CCE}"
EndProject
Project("{FAE04EC0-301F-11D3-BF4B-00C04F79EFBC}") = "CRMCQRS.API", "CRMCQRS.API\CRMCQRS.API.csproj", "{22163EC1-1613-4911-95B8-6868F8C4776B}"
EndProject
Project("{FAE04EC0-301F-11D3-BF4B-00C04F79EFBC}") = "CRMCQRS.DAL", "CRMCQRS.DAL\CRMCQRS.DAL.csproj", "{B496E22F-11EF-46D4-B0CA-04641BA51561}"
EndProject
Project("{FAE04EC0-301F-11D3-BF4B-00C04F79EFBC}") = "CRMCQRS.BL", "CRMCQRS.BL\CRMCQRS.BL.csproj", "{E6E87564-DB22-4473-BC1D-9AC6EB459077}"
EndProject
Global
	GlobalSection(SolutionConfigurationPlatforms) = preSolution
		Debug|Any CPU = Debug|Any CPU
		Release|Any CPU = Release|Any CPU
	EndGlobalSection
	GlobalSection(ProjectConfigurationPlatforms) = postSolution
		{23522525-951E-4C0B-BCAB-DFC926863CCE}.Debug|Any CPU.ActiveCfg = Debug|Any CPU
		{23522525-951E-4C0B-BCAB-DFC926863CCE}.Debug|Any CPU.Build.0 = Debug|Any CPU
		{23522525-951E-4C0B-BCAB-DFC926863CCE}.Release|Any CPU.ActiveCfg = Release|Any CPU
		{23522525-951E-4C0B-BCAB-DFC926863CCE}.Release|Any CPU.Build.0 = Release|Any CPU
		{22163EC1-1613-4911-95B8-6868F8C4776B}.Debug|Any CPU.ActiveCfg = Debug|Any CPU
		{22163EC1-1613-4911-95B8-6868F8C4776B}.Debug|Any CPU.Build.0 = Debug|Any CPU
		{22163EC1-1613-4911-95B8-6868F8C4776B}.Release|Any CPU.ActiveCfg = Release|Any CPU
		{22163EC1-1613-4911-95B8-6868F8C4776B}.Release|Any CPU.Build.0 = Release|Any CPU
		{B496E22F-11EF-46D4-B0CA-04641BA51561}.Debug|Any CPU.ActiveCfg = Debug|Any CPU
		{B496E22F-11EF-46D4-B0CA-04641BA51561}.Debug|Any CPU.Build.0 = Debug|Any CPU
		{B496E22F-11EF-46D4-B0CA-04641BA51561}.Release|Any CPU.ActiveCfg = Release|Any CPU
		{B496E22F-11EF-46D4-B0CA-04641BA51561}.Release|Any CPU.Build.0 = Release|Any CPU
		{E6E87564-DB22-4473-BC1D-9AC6EB459077}.Debug|Any CPU.ActiveCfg = Debug|Any CPU
		{E6E87564-DB22-4473-BC1D-9AC6EB459077}.Debug|Any CPU.Build.0 = Debug|Any CPU
		{E6E87564-DB22-4473-BC1D-9AC6EB459077}.Release|Any CPU.ActiveCfg = Release|Any CPU
		{E6E87564-DB22-4473-BC1D-9AC6EB459077}.Release|Any CPU.Build.0 = Release|Any CPU
	EndGlobalSection
EndGlobal
