
Microsoft Visual Studio Solution File, Format Version 12.00
# Visual Studio Version 17
VisualStudioVersion = 17.4.33205.214
MinimumVisualStudioVersion = 10.0.40219.1
Project("{9A19103F-16F7-4668-BE54-9A1E7A4F7556}") = "CRMCQRS.API", "CRMCQRS.API\CRMCQRS.API.csproj", "{22163EC1-1613-4911-95B8-6868F8C4776B}"
EndProject
Project("{9A19103F-16F7-4668-BE54-9A1E7A4F7556}") = "CRMCQRS.Domain", "CRMCQRS.Domain\CRMCQRS.Domain.csproj", "{192E7242-D922-45A6-A394-A034F5F220AA}"
EndProject
Project("{9A19103F-16F7-4668-BE54-9A1E7A4F7556}") = "CRMCQRS.Infrastructure", "CRMCQRS.Infrastructure\CRMCQRS.Infrastructure.csproj", "{A3E225F0-351C-4C68-B3D3-F611C6B763FE}"
EndProject
Project("{9A19103F-16F7-4668-BE54-9A1E7A4F7556}") = "CRMCQRS.Application", "CRMCQRS.Application\CRMCQRS.Application.csproj", "{C3BD7730-3270-4DE8-AD03-A9AC3D16BBA8}"
EndProject
Project("{9A19103F-16F7-4668-BE54-9A1E7A4F7556}") = "CRMCQRS.Identity", "CRMCQRS.Identity\CRMCQRS.Identity.csproj", "{47E58F40-BA02-4396-99AB-06FE0D916B50}"
EndProject
Project("{FAE04EC0-301F-11D3-BF4B-00C04F79EFBC}") = "CRMCQRS.UI", "CRMCQRS.UI\CRMCQRS.UI.csproj", "{98609CFF-78CC-48E3-88D7-86CA28BD4F86}"
EndProject
Global
	GlobalSection(SolutionConfigurationPlatforms) = preSolution
		Debug|Any CPU = Debug|Any CPU
		Release|Any CPU = Release|Any CPU
	EndGlobalSection
	GlobalSection(ProjectConfigurationPlatforms) = postSolution
		{22163EC1-1613-4911-95B8-6868F8C4776B}.Debug|Any CPU.ActiveCfg = Debug|Any CPU
		{22163EC1-1613-4911-95B8-6868F8C4776B}.Debug|Any CPU.Build.0 = Debug|Any CPU
		{22163EC1-1613-4911-95B8-6868F8C4776B}.Release|Any CPU.ActiveCfg = Release|Any CPU
		{22163EC1-1613-4911-95B8-6868F8C4776B}.Release|Any CPU.Build.0 = Release|Any CPU
		{192E7242-D922-45A6-A394-A034F5F220AA}.Debug|Any CPU.ActiveCfg = Debug|Any CPU
		{192E7242-D922-45A6-A394-A034F5F220AA}.Debug|Any CPU.Build.0 = Debug|Any CPU
		{192E7242-D922-45A6-A394-A034F5F220AA}.Release|Any CPU.ActiveCfg = Release|Any CPU
		{192E7242-D922-45A6-A394-A034F5F220AA}.Release|Any CPU.Build.0 = Release|Any CPU
		{A3E225F0-351C-4C68-B3D3-F611C6B763FE}.Debug|Any CPU.ActiveCfg = Debug|Any CPU
		{A3E225F0-351C-4C68-B3D3-F611C6B763FE}.Debug|Any CPU.Build.0 = Debug|Any CPU
		{A3E225F0-351C-4C68-B3D3-F611C6B763FE}.Release|Any CPU.ActiveCfg = Release|Any CPU
		{A3E225F0-351C-4C68-B3D3-F611C6B763FE}.Release|Any CPU.Build.0 = Release|Any CPU
		{C3BD7730-3270-4DE8-AD03-A9AC3D16BBA8}.Debug|Any CPU.ActiveCfg = Debug|Any CPU
		{C3BD7730-3270-4DE8-AD03-A9AC3D16BBA8}.Debug|Any CPU.Build.0 = Debug|Any CPU
		{C3BD7730-3270-4DE8-AD03-A9AC3D16BBA8}.Release|Any CPU.ActiveCfg = Release|Any CPU
		{C3BD7730-3270-4DE8-AD03-A9AC3D16BBA8}.Release|Any CPU.Build.0 = Release|Any CPU
		{47E58F40-BA02-4396-99AB-06FE0D916B50}.Debug|Any CPU.ActiveCfg = Debug|Any CPU
		{47E58F40-BA02-4396-99AB-06FE0D916B50}.Debug|Any CPU.Build.0 = Debug|Any CPU
		{47E58F40-BA02-4396-99AB-06FE0D916B50}.Release|Any CPU.ActiveCfg = Release|Any CPU
		{47E58F40-BA02-4396-99AB-06FE0D916B50}.Release|Any CPU.Build.0 = Release|Any CPU
		{98609CFF-78CC-48E3-88D7-86CA28BD4F86}.Debug|Any CPU.ActiveCfg = Debug|Any CPU
		{98609CFF-78CC-48E3-88D7-86CA28BD4F86}.Debug|Any CPU.Build.0 = Debug|Any CPU
		{98609CFF-78CC-48E3-88D7-86CA28BD4F86}.Release|Any CPU.ActiveCfg = Release|Any CPU
		{98609CFF-78CC-48E3-88D7-86CA28BD4F86}.Release|Any CPU.Build.0 = Release|Any CPU
	EndGlobalSection
	GlobalSection(SolutionProperties) = preSolution
		HideSolutionNode = FALSE
	EndGlobalSection
	GlobalSection(ExtensibilityGlobals) = postSolution
		SolutionGuid = {E830A22B-E37E-46C4-AFC5-F86A6F889B72}
	EndGlobalSection
EndGlobal
